
Microsoft Visual Studio Solution File, Format Version 12.00
# Visual Studio Version 16
VisualStudioVersion = 16.0.29609.76
MinimumVisualStudioVersion = 10.0.40219.1
Project("{FAE04EC0-301F-11D3-BF4B-00C04F79EFBC}") = "TestImagVideoBrowserSideBar", "TestImagVideoBrowserSideBar.csproj", "{6630A5B7-9B17-40D7-AFBD-270C4528B0E7}"
EndProject
Global
	GlobalSection(SolutionConfigurationPlatforms) = preSolution
		Debug|Any CPU = Debug|Any CPU
		Release|Any CPU = Release|Any CPU
	EndGlobalSection
	GlobalSection(ProjectConfigurationPlatforms) = postSolution
		{6630A5B7-9B17-40D7-AFBD-270C4528B0E7}.Debug|Any CPU.ActiveCfg = Debug|Any CPU
		{6630A5B7-9B17-40D7-AFBD-270C4528B0E7}.Debug|Any CPU.Build.0 = Debug|Any CPU
		{6630A5B7-9B17-40D7-AFBD-270C4528B0E7}.Release|Any CPU.ActiveCfg = Release|Any CPU
		{6630A5B7-9B17-40D7-AFBD-270C4528B0E7}.Release|Any CPU.Build.0 = Release|Any CPU
	EndGlobalSection
	GlobalSection(SolutionProperties) = preSolution
		HideSolutionNode = FALSE
	EndGlobalSection
	GlobalSection(ExtensibilityGlobals) = postSolution
		SolutionGuid = {0D0A2777-090A-4488-AB11-CE3CAA1AB521}
	EndGlobalSection
EndGlobal
